{
  "version": 4,
  "terraform_version": "1.10.4",
  "serial": 8,
  "lineage": "c87e4d86-cfec-09d9-4c30-d8424947ce80",
  "outputs": {},
  "resources": [
    {
      "mode": "managed",
      "type": "azurerm_app_service",
      "name": "backend",
      "provider": "provider[\"registry.terraform.io/hashicorp/azurerm\"]",
      "instances": [
        {
          "schema_version": 0,
          "attributes": {
            "app_service_plan_id": "/subscriptions/99cb61e0-6f5e-453f-9bf6-bc478df73d4b/resourceGroups/RG-Ankit-terraform/providers/Microsoft.Web/serverFarms/Azure-app-service-plan",
            "app_settings": {
              "WEBSITE_NODE_DEFAULT_VERSION": "~14"
            },
            "auth_settings": [
              {
                "active_directory": [],
                "additional_login_params": {},
                "allowed_external_redirect_urls": [],
                "default_provider": "",
                "enabled": false,
                "facebook": [],
                "google": [],
                "issuer": "",
                "microsoft": [],
                "runtime_version": "",
                "token_refresh_extension_hours": 0,
                "token_store_enabled": false,
                "twitter": [],
                "unauthenticated_client_action": ""
              }
            ],
            "backup": [],
            "client_affinity_enabled": false,
            "client_cert_enabled": false,
            "client_cert_mode": "Required",
            "connection_string": [],
            "custom_domain_verification_id": "05346A31DCB00136F062EA62B74ECDE1D8B7B640224071C67576B5D066807DEE",
            "default_site_hostname": "backend-app-service-terraform123456789.azurewebsites.net",
            "enabled": true,
            "https_only": false,
            "id": "/subscriptions/99cb61e0-6f5e-453f-9bf6-bc478df73d4b/resourceGroups/RG-Ankit-terraform/providers/Microsoft.Web/sites/backend-app-service-terraform123456789",
            "identity": [],
            "key_vault_reference_identity_id": "SystemAssigned",
            "location": "northeurope",
            "logs": [
              {
                "application_logs": [
                  {
                    "azure_blob_storage": [],
                    "file_system_level": "Off"
                  }
                ],
                "detailed_error_messages_enabled": false,
                "failed_request_tracing_enabled": false,
                "http_logs": [
                  {
                    "azure_blob_storage": [],
                    "file_system": []
                  }
                ]
              }
            ],
            "name": "backend-app-service-terraform123456789",
            "outbound_ip_address_list": [
              "20.54.46.24",
              "20.54.47.226",
              "52.236.18.124",
              "52.236.19.97",
              "20.54.43.228",
              "20.54.44.236",
              "135.236.224.227",
              "20.50.64.23"
            ],
            "outbound_ip_addresses": "20.54.46.24,20.54.47.226,52.236.18.124,52.236.19.97,20.54.43.228,20.54.44.236,135.236.224.227,20.50.64.23",
            "possible_outbound_ip_address_list": [
              "20.54.46.24",
              "20.54.47.226",
              "52.236.18.124",
              "52.236.19.97",
              "20.54.43.228",
              "20.54.44.236",
              "135.236.224.227",
              "20.54.44.237",
              "20.54.45.37",
              "20.54.46.57",
              "20.54.47.106",
              "20.54.47.121",
              "20.54.47.124",
              "20.54.47.125",
              "20.54.47.144",
              "20.54.47.145",
              "20.54.47.188",
              "20.54.46.244",
              "20.54.47.198",
              "20.54.47.220",
              "20.54.47.221",
              "20.54.47.232",
              "20.54.47.233",
              "20.54.47.236",
              "20.54.47.250",
              "20.54.47.252",
              "20.54.47.253",
              "52.236.16.11",
              "52.236.16.24",
              "52.236.16.25",
              "52.236.16.52",
              "20.50.64.23"
            ],
            "possible_outbound_ip_addresses": "20.54.46.24,20.54.47.226,52.236.18.124,52.236.19.97,20.54.43.228,20.54.44.236,135.236.224.227,20.54.44.237,20.54.45.37,20.54.46.57,20.54.47.106,20.54.47.121,20.54.47.124,20.54.47.125,20.54.47.144,20.54.47.145,20.54.47.188,20.54.46.244,20.54.47.198,20.54.47.220,20.54.47.221,20.54.47.232,20.54.47.233,20.54.47.236,20.54.47.250,20.54.47.252,20.54.47.253,52.236.16.11,52.236.16.24,52.236.16.25,52.236.16.52,20.50.64.23",
            "resource_group_name": "RG-Ankit-terraform",
            "site_config": [
              {
                "acr_use_managed_identity_credentials": false,
                "acr_user_managed_identity_client_id": "",
                "always_on": false,
                "app_command_line": "",
                "auto_swap_slot_name": "",
                "cors": [],
                "default_documents": [
                  "Default.htm",
                  "Default.html",
                  "Default.asp",
                  "index.htm",
                  "index.html",
                  "iisstart.htm",
                  "default.aspx",
                  "index.php",
                  "hostingstart.html"
                ],
                "dotnet_framework_version": "v4.0",
                "ftps_state": "FtpsOnly",
                "health_check_path": "",
                "http2_enabled": false,
                "ip_restriction": [],
                "java_container": "",
                "java_container_version": "",
                "java_version": "",
                "linux_fx_version": "",
                "local_mysql_enabled": false,
                "managed_pipeline_mode": "Integrated",
                "min_tls_version": "1.2",
                "number_of_workers": 1,
                "php_version": "5.6",
                "python_version": "",
                "remote_debugging_enabled": false,
                "remote_debugging_version": "",
                "scm_ip_restriction": [],
                "scm_type": "None",
                "scm_use_main_ip_restriction": false,
                "use_32_bit_worker_process": true,
                "vnet_route_all_enabled": false,
                "websockets_enabled": false,
                "windows_fx_version": ""
              }
            ],
            "site_credential": [
              {
                "password": "txHhvs2Dk5AmoKgRj9NK3qMXa4GrtghA5eMkFgvLWo44Ny7j7SWMe3TXDukf",
                "username": "$backend-app-service-terraform123456789"
              }
            ],
            "source_control": [
              {
                "branch": "main",
                "manual_integration": false,
                "repo_url": "",
                "rollback_enabled": false,
                "use_mercurial": false
              }
            ],
            "storage_account": [],
            "tags": null,
            "timeouts": null
          },
          "sensitive_attributes": [],
          "private": "eyJlMmJmYjczMC1lY2FhLTExZTYtOGY4OC0zNDM2M2JjN2M0YzAiOnsiY3JlYXRlIjoxODAwMDAwMDAwMDAwLCJkZWxldGUiOjE4MDAwMDAwMDAwMDAsInJlYWQiOjMwMDAwMDAwMDAwMCwidXBkYXRlIjoxODAwMDAwMDAwMDAwfX0=",
          "dependencies": [
            "azurerm_app_service_plan.app_service_plan",
            "azurerm_resource_group.main"
          ]
        }
      ]
    },
    {
      "mode": "managed",
      "type": "azurerm_app_service",
      "name": "frontend",
      "provider": "provider[\"registry.terraform.io/hashicorp/azurerm\"]",
      "instances": [
        {
          "schema_version": 0,
          "attributes": {
            "app_service_plan_id": "/subscriptions/99cb61e0-6f5e-453f-9bf6-bc478df73d4b/resourceGroups/RG-Ankit-terraform/providers/Microsoft.Web/serverFarms/Azure-app-service-plan",
            "app_settings": {
              "REACT_APP_BACKEND_URL": "https://backend-app-service-terraform123456789.azurewebsites.net"
            },
            "auth_settings": [
              {
                "active_directory": [],
                "additional_login_params": {},
                "allowed_external_redirect_urls": [],
                "default_provider": "",
                "enabled": false,
                "facebook": [],
                "google": [],
                "issuer": "",
                "microsoft": [],
                "runtime_version": "",
                "token_refresh_extension_hours": 0,
                "token_store_enabled": false,
                "twitter": [],
                "unauthenticated_client_action": ""
              }
            ],
            "backup": [],
            "client_affinity_enabled": false,
            "client_cert_enabled": false,
            "client_cert_mode": "Required",
            "connection_string": [],
            "custom_domain_verification_id": "05346A31DCB00136F062EA62B74ECDE1D8B7B640224071C67576B5D066807DEE",
            "default_site_hostname": "frontend-web-app-terraform123456789.azurewebsites.net",
            "enabled": true,
            "https_only": false,
            "id": "/subscriptions/99cb61e0-6f5e-453f-9bf6-bc478df73d4b/resourceGroups/RG-Ankit-terraform/providers/Microsoft.Web/sites/frontend-web-app-terraform123456789",
            "identity": [],
            "key_vault_reference_identity_id": "SystemAssigned",
            "location": "northeurope",
            "logs": [
              {
                "application_logs": [
                  {
                    "azure_blob_storage": [],
                    "file_system_level": "Off"
                  }
                ],
                "detailed_error_messages_enabled": false,
                "failed_request_tracing_enabled": false,
                "http_logs": [
                  {
                    "azure_blob_storage": [],
                    "file_system": []
                  }
                ]
              }
            ],
            "name": "frontend-web-app-terraform123456789",
            "outbound_ip_address_list": [
              "20.54.46.24",
              "20.54.47.226",
              "52.236.18.124",
              "52.236.19.97",
              "20.54.43.228",
              "20.54.44.236",
              "135.236.224.227",
              "20.50.64.23"
            ],
            "outbound_ip_addresses": "20.54.46.24,20.54.47.226,52.236.18.124,52.236.19.97,20.54.43.228,20.54.44.236,135.236.224.227,20.50.64.23",
            "possible_outbound_ip_address_list": [
              "20.54.46.24",
              "20.54.47.226",
              "52.236.18.124",
              "52.236.19.97",
              "20.54.43.228",
              "20.54.44.236",
              "135.236.224.227",
              "20.54.44.237",
              "20.54.45.37",
              "20.54.46.57",
              "20.54.47.106",
              "20.54.47.121",
              "20.54.47.124",
              "20.54.47.125",
              "20.54.47.144",
              "20.54.47.145",
              "20.54.47.188",
              "20.54.46.244",
              "20.54.47.198",
              "20.54.47.220",
              "20.54.47.221",
              "20.54.47.232",
              "20.54.47.233",
              "20.54.47.236",
              "20.54.47.250",
              "20.54.47.252",
              "20.54.47.253",
              "52.236.16.11",
              "52.236.16.24",
              "52.236.16.25",
              "52.236.16.52",
              "20.50.64.23"
            ],
            "possible_outbound_ip_addresses": "20.54.46.24,20.54.47.226,52.236.18.124,52.236.19.97,20.54.43.228,20.54.44.236,135.236.224.227,20.54.44.237,20.54.45.37,20.54.46.57,20.54.47.106,20.54.47.121,20.54.47.124,20.54.47.125,20.54.47.144,20.54.47.145,20.54.47.188,20.54.46.244,20.54.47.198,20.54.47.220,20.54.47.221,20.54.47.232,20.54.47.233,20.54.47.236,20.54.47.250,20.54.47.252,20.54.47.253,52.236.16.11,52.236.16.24,52.236.16.25,52.236.16.52,20.50.64.23",
            "resource_group_name": "RG-Ankit-terraform",
            "site_config": [
              {
                "acr_use_managed_identity_credentials": false,
                "acr_user_managed_identity_client_id": "",
                "always_on": false,
                "app_command_line": "",
                "auto_swap_slot_name": "",
                "cors": [],
                "default_documents": [
                  "Default.htm",
                  "Default.html",
                  "Default.asp",
                  "index.htm",
                  "index.html",
                  "iisstart.htm",
                  "default.aspx",
                  "index.php",
                  "hostingstart.html"
                ],
                "dotnet_framework_version": "v4.0",
                "ftps_state": "FtpsOnly",
                "health_check_path": "",
                "http2_enabled": false,
                "ip_restriction": [],
                "java_container": "",
                "java_container_version": "",
                "java_version": "",
                "linux_fx_version": "",
                "local_mysql_enabled": false,
                "managed_pipeline_mode": "Integrated",
                "min_tls_version": "1.2",
                "number_of_workers": 1,
                "php_version": "5.6",
                "python_version": "",
                "remote_debugging_enabled": false,
                "remote_debugging_version": "",
                "scm_ip_restriction": [],
                "scm_type": "None",
                "scm_use_main_ip_restriction": false,
                "use_32_bit_worker_process": true,
                "vnet_route_all_enabled": false,
                "websockets_enabled": false,
                "windows_fx_version": ""
              }
            ],
            "site_credential": [
              {
                "password": "itlt9Kiw75xC22KFSPGxomppa4H35emY42so2lX5it3lSpGiFix5XvcflvQr",
                "username": "$frontend-web-app-terraform123456789"
              }
            ],
            "source_control": [
              {
                "branch": "main",
                "manual_integration": false,
                "repo_url": "",
                "rollback_enabled": false,
                "use_mercurial": false
              }
            ],
            "storage_account": [],
            "tags": null,
            "timeouts": null
          },
          "sensitive_attributes": [],
          "private": "eyJlMmJmYjczMC1lY2FhLTExZTYtOGY4OC0zNDM2M2JjN2M0YzAiOnsiY3JlYXRlIjoxODAwMDAwMDAwMDAwLCJkZWxldGUiOjE4MDAwMDAwMDAwMDAsInJlYWQiOjMwMDAwMDAwMDAwMCwidXBkYXRlIjoxODAwMDAwMDAwMDAwfX0=",
          "dependencies": [
            "azurerm_app_service.backend",
            "azurerm_app_service_plan.app_service_plan",
            "azurerm_resource_group.main"
          ]
        }
      ]
    },
    {
      "mode": "managed",
      "type": "azurerm_app_service_plan",
      "name": "app_service_plan",
      "provider": "provider[\"registry.terraform.io/hashicorp/azurerm\"]",
      "instances": [
        {
          "schema_version": 1,
          "attributes": {
            "app_service_environment_id": "",
            "id": "/subscriptions/99cb61e0-6f5e-453f-9bf6-bc478df73d4b/resourceGroups/RG-Ankit-terraform/providers/Microsoft.Web/serverFarms/Azure-app-service-plan",
            "is_xenon": false,
            "kind": "Windows",
            "location": "northeurope",
            "maximum_elastic_worker_count": 1,
            "maximum_number_of_workers": 10,
            "name": "Azure-app-service-plan",
            "per_site_scaling": false,
            "reserved": false,
            "resource_group_name": "RG-Ankit-terraform",
            "sku": [
              {
                "capacity": 1,
                "size": "S1",
                "tier": "Standard"
              }
            ],
            "tags": {},
            "timeouts": null,
            "zone_redundant": false
          },
          "sensitive_attributes": [],
          "private": "eyJlMmJmYjczMC1lY2FhLTExZTYtOGY4OC0zNDM2M2JjN2M0YzAiOnsiY3JlYXRlIjozNjAwMDAwMDAwMDAwLCJkZWxldGUiOjM2MDAwMDAwMDAwMDAsInJlYWQiOjMwMDAwMDAwMDAwMCwidXBkYXRlIjozNjAwMDAwMDAwMDAwfSwic2NoZW1hX3ZlcnNpb24iOiIxIn0=",
          "dependencies": [
            "azurerm_resource_group.main"
          ]
        }
      ]
    },
    {
      "mode": "managed",
      "type": "azurerm_resource_group",
      "name": "main",
      "provider": "provider[\"registry.terraform.io/hashicorp/azurerm\"]",
      "instances": [
        {
          "schema_version": 0,
          "attributes": {
            "id": "/subscriptions/99cb61e0-6f5e-453f-9bf6-bc478df73d4b/resourceGroups/RG-Ankit-terraform",
            "location": "northeurope",
            "managed_by": "",
            "name": "RG-Ankit-terraform",
            "tags": {},
            "timeouts": null
          },
          "sensitive_attributes": [],
          "private": "eyJlMmJmYjczMC1lY2FhLTExZTYtOGY4OC0zNDM2M2JjN2M0YzAiOnsiY3JlYXRlIjo1NDAwMDAwMDAwMDAwLCJkZWxldGUiOjU0MDAwMDAwMDAwMDAsInJlYWQiOjMwMDAwMDAwMDAwMCwidXBkYXRlIjo1NDAwMDAwMDAwMDAwfX0="
        }
      ]
    }
  ],
  "check_results": null
}
